
Microsoft Visual Studio Solution File, Format Version 12.00
Project("{FAE04EC0-301F-11D3-BF4B-00C04F79EFBC}") = "Algorithms", "Algorithms\Algorithms.csproj", "{667AB456-C751-4940-97E4-B2CD514E5ABE}"
EndProject
Project("{FAE04EC0-301F-11D3-BF4B-00C04F79EFBC}") = "Algorithms.Tests", "Algorithms.Tests\Algorithms.Tests.csproj", "{65943A6B-9903-4865-98D0-F3CB3D24E0F5}"
EndProject
Global
	GlobalSection(SolutionConfigurationPlatforms) = preSolution
		Debug|Any CPU = Debug|Any CPU
		Release|Any CPU = Release|Any CPU
	EndGlobalSection
	GlobalSection(ProjectConfigurationPlatforms) = postSolution
		{667AB456-C751-4940-97E4-B2CD514E5ABE}.Debug|Any CPU.ActiveCfg = Debug|Any CPU
		{667AB456-C751-4940-97E4-B2CD514E5ABE}.Debug|Any CPU.Build.0 = Debug|Any CPU
		{667AB456-C751-4940-97E4-B2CD514E5ABE}.Release|Any CPU.ActiveCfg = Release|Any CPU
		{667AB456-C751-4940-97E4-B2CD514E5ABE}.Release|Any CPU.Build.0 = Release|Any CPU
		{65943A6B-9903-4865-98D0-F3CB3D24E0F5}.Debug|Any CPU.ActiveCfg = Debug|Any CPU
		{65943A6B-9903-4865-98D0-F3CB3D24E0F5}.Debug|Any CPU.Build.0 = Debug|Any CPU
		{65943A6B-9903-4865-98D0-F3CB3D24E0F5}.Release|Any CPU.ActiveCfg = Release|Any CPU
		{65943A6B-9903-4865-98D0-F3CB3D24E0F5}.Release|Any CPU.Build.0 = Release|Any CPU
	EndGlobalSection
EndGlobal
